
Microsoft Visual Studio Solution File, Format Version 12.00
# Visual Studio Version 17
VisualStudioVersion = 17.7.34031.279
MinimumVisualStudioVersion = 10.0.40219.1
Project("{FAE04EC0-301F-11D3-BF4B-00C04F79EFBC}") = "Project4_Fall23", "Project4_Fall23\Project4_Fall23.csproj", "{DCEE4BF8-380D-455C-A714-1A93D6A2C16E}"
EndProject
Project("{FAE04EC0-301F-11D3-BF4B-00C04F79EFBC}") = "TableModels", "TableModels\TableModels.csproj", "{53E83F42-4515-4A8F-A05C-3552F05EC389}"
EndProject
Global
	GlobalSection(SolutionConfigurationPlatforms) = preSolution
		Debug|Any CPU = Debug|Any CPU
		Release|Any CPU = Release|Any CPU
	EndGlobalSection
	GlobalSection(ProjectConfigurationPlatforms) = postSolution
		{DCEE4BF8-380D-455C-A714-1A93D6A2C16E}.Debug|Any CPU.ActiveCfg = Debug|Any CPU
		{DCEE4BF8-380D-455C-A714-1A93D6A2C16E}.Debug|Any CPU.Build.0 = Debug|Any CPU
		{DCEE4BF8-380D-455C-A714-1A93D6A2C16E}.Release|Any CPU.ActiveCfg = Release|Any CPU
		{DCEE4BF8-380D-455C-A714-1A93D6A2C16E}.Release|Any CPU.Build.0 = Release|Any CPU
		{53E83F42-4515-4A8F-A05C-3552F05EC389}.Debug|Any CPU.ActiveCfg = Debug|Any CPU
		{53E83F42-4515-4A8F-A05C-3552F05EC389}.Debug|Any CPU.Build.0 = Debug|Any CPU
		{53E83F42-4515-4A8F-A05C-3552F05EC389}.Release|Any CPU.ActiveCfg = Release|Any CPU
		{53E83F42-4515-4A8F-A05C-3552F05EC389}.Release|Any CPU.Build.0 = Release|Any CPU
	EndGlobalSection
	GlobalSection(SolutionProperties) = preSolution
		HideSolutionNode = FALSE
	EndGlobalSection
	GlobalSection(ExtensibilityGlobals) = postSolution
		SolutionGuid = {314AA0E4-B28E-4B16-BAC6-EF27ABA1BAD9}
	EndGlobalSection
EndGlobal
