
Microsoft Visual Studio Solution File, Format Version 12.00
# Visual Studio Version 17
VisualStudioVersion = 17.0.31717.71
MinimumVisualStudioVersion = 10.0.40219.1
Project("{9A19103F-16F7-4668-BE54-9A1E7A4F7556}") = "Project4_Fall23", "Project4_Fall23.csproj", "{81E57C9B-EB10-4B3F-A41D-13953232B002}"
EndProject
Global
	GlobalSection(SolutionConfigurationPlatforms) = preSolution
		Debug|Any CPU = Debug|Any CPU
		Release|Any CPU = Release|Any CPU
	EndGlobalSection
	GlobalSection(ProjectConfigurationPlatforms) = postSolution
		{81E57C9B-EB10-4B3F-A41D-13953232B002}.Debug|Any CPU.ActiveCfg = Debug|Any CPU
		{81E57C9B-EB10-4B3F-A41D-13953232B002}.Debug|Any CPU.Build.0 = Debug|Any CPU
		{81E57C9B-EB10-4B3F-A41D-13953232B002}.Release|Any CPU.ActiveCfg = Release|Any CPU
		{81E57C9B-EB10-4B3F-A41D-13953232B002}.Release|Any CPU.Build.0 = Release|Any CPU
	EndGlobalSection
	GlobalSection(SolutionProperties) = preSolution
		HideSolutionNode = FALSE
	EndGlobalSection
	GlobalSection(ExtensibilityGlobals) = postSolution
		SolutionGuid = {90314969-7422-43E3-8DEB-2186032F063E}
	EndGlobalSection
EndGlobal